
Microsoft Visual Studio Solution File, Format Version 12.00
# Visual Studio 15
VisualStudioVersion = 15.0.26730.16
MinimumVisualStudioVersion = 10.0.40219.1
Project("{FAE04EC0-301F-11D3-BF4B-00C04F79EFBC}") = "CodeSmells", "CodeSmells\CodeSmells.csproj", "{782BB117-E222-465E-9B57-2F4D88F9FB0F}"
EndProject
Project("{FAE04EC0-301F-11D3-BF4B-00C04F79EFBC}") = "CodeOk", "CodeOkStrategy\CodeOk.csproj", "{DFFE97F1-19C7-47E8-BA70-7EF5036B6FD5}"
EndProject
Project("{FAE04EC0-301F-11D3-BF4B-00C04F79EFBC}") = "CodeSmellsTests", "CodeOKTests\CodeSmellsTests.csproj", "{CDA8197D-E2FC-43CE-83B9-CAEF8A4E069F}"
EndProject
Global
	GlobalSection(SolutionConfigurationPlatforms) = preSolution
		Debug|Any CPU = Debug|Any CPU
		Release|Any CPU = Release|Any CPU
	EndGlobalSection
	GlobalSection(ProjectConfigurationPlatforms) = postSolution
		{782BB117-E222-465E-9B57-2F4D88F9FB0F}.Debug|Any CPU.ActiveCfg = Debug|Any CPU
		{782BB117-E222-465E-9B57-2F4D88F9FB0F}.Debug|Any CPU.Build.0 = Debug|Any CPU
		{782BB117-E222-465E-9B57-2F4D88F9FB0F}.Release|Any CPU.ActiveCfg = Release|Any CPU
		{782BB117-E222-465E-9B57-2F4D88F9FB0F}.Release|Any CPU.Build.0 = Release|Any CPU
		{DFFE97F1-19C7-47E8-BA70-7EF5036B6FD5}.Debug|Any CPU.ActiveCfg = Debug|Any CPU
		{DFFE97F1-19C7-47E8-BA70-7EF5036B6FD5}.Debug|Any CPU.Build.0 = Debug|Any CPU
		{DFFE97F1-19C7-47E8-BA70-7EF5036B6FD5}.Release|Any CPU.ActiveCfg = Release|Any CPU
		{DFFE97F1-19C7-47E8-BA70-7EF5036B6FD5}.Release|Any CPU.Build.0 = Release|Any CPU
		{CDA8197D-E2FC-43CE-83B9-CAEF8A4E069F}.Debug|Any CPU.ActiveCfg = Debug|Any CPU
		{CDA8197D-E2FC-43CE-83B9-CAEF8A4E069F}.Debug|Any CPU.Build.0 = Debug|Any CPU
		{CDA8197D-E2FC-43CE-83B9-CAEF8A4E069F}.Release|Any CPU.ActiveCfg = Release|Any CPU
		{CDA8197D-E2FC-43CE-83B9-CAEF8A4E069F}.Release|Any CPU.Build.0 = Release|Any CPU
	EndGlobalSection
	GlobalSection(SolutionProperties) = preSolution
		HideSolutionNode = FALSE
	EndGlobalSection
	GlobalSection(ExtensibilityGlobals) = postSolution
		SolutionGuid = {792ACCA0-9DE2-493C-9849-8FA5F3A806D8}
	EndGlobalSection
EndGlobal
